
Microsoft Visual Studio Solution File, Format Version 12.00
# Visual Studio Version 17
VisualStudioVersion = 17.14.36025.13
MinimumVisualStudioVersion = 10.0.40219.1
Project("{FAE04EC0-301F-11D3-BF4B-00C04F79EFBC}") = "Linq_Example", "Linq_Example.csproj", "{95A30DCB-9EF2-4E54-8B61-4029CD1482F4}"
EndProject
Global
	GlobalSection(SolutionConfigurationPlatforms) = preSolution
		Debug|Any CPU = Debug|Any CPU
		Release|Any CPU = Release|Any CPU
	EndGlobalSection
	GlobalSection(ProjectConfigurationPlatforms) = postSolution
		{95A30DCB-9EF2-4E54-8B61-4029CD1482F4}.Debug|Any CPU.ActiveCfg = Debug|Any CPU
		{95A30DCB-9EF2-4E54-8B61-4029CD1482F4}.Debug|Any CPU.Build.0 = Debug|Any CPU
		{95A30DCB-9EF2-4E54-8B61-4029CD1482F4}.Release|Any CPU.ActiveCfg = Release|Any CPU
		{95A30DCB-9EF2-4E54-8B61-4029CD1482F4}.Release|Any CPU.Build.0 = Release|Any CPU
	EndGlobalSection
	GlobalSection(SolutionProperties) = preSolution
		HideSolutionNode = FALSE
	EndGlobalSection
	GlobalSection(ExtensibilityGlobals) = postSolution
		SolutionGuid = {DD87EBBC-A60B-4B88-B7C0-AD5D35D1D040}
	EndGlobalSection
EndGlobal
